
Microsoft Visual Studio Solution File, Format Version 12.00
# Visual Studio 15
VisualStudioVersion = 15.0.27130.2024
MinimumVisualStudioVersion = 10.0.40219.1
Project("{FAE04EC0-301F-11D3-BF4B-00C04F79EFBC}") = "ParticleBuddy.iOS", "ParticleBuddy.iOS\ParticleBuddy.iOS.csproj", "{4BD96903-5A87-4EE7-B3F0-8F0C763AB539}"
EndProject
Project("{FAE04EC0-301F-11D3-BF4B-00C04F79EFBC}") = "ParticleBuddy.WindowsUniversal", "ParticleBuddy.WindowsUniversal\ParticleBuddy.WindowsUniversal.csproj", "{B3D72720-07B5-4500-9A5A-8577DB484677}"
EndProject
Project("{FAE04EC0-301F-11D3-BF4B-00C04F79EFBC}") = "ParticleBuddy.Android", "ParticleBuddy.Android\ParticleBuddy.Android.csproj", "{436DB384-CE7B-4496-9F25-92FE88431971}"
EndProject
Project("{2150E333-8FDC-42A3-9474-1A3956D46DE8}") = "Solution Items", "Solution Items", "{2137A730-2CC2-4ACA-A388-9682F01312EE}"
	ProjectSection(SolutionItems) = preProject
		buildNugetPackages.ps1 = buildNugetPackages.ps1
		ParticleBuddy.nuspec = ParticleBuddy.nuspec
	EndProjectSection
EndProject
Project("{D954291E-2A0B-460D-934E-DC6B0785DB48}") = "ParticleBuddy.SharedProject", "ParticleBuddy.SharedProject\ParticleBuddy.SharedProject.shproj", "{1AE42CF0-A9B4-43CD-8BCE-79187D09FBB8}"
EndProject
Project("{FAE04EC0-301F-11D3-BF4B-00C04F79EFBC}") = "ParticleBuddy.Tests", "ParticleBuddy.Tests\ParticleBuddy.Tests.csproj", "{0E52D7FE-C092-48DB-813D-218194C08059}"
EndProject
Project("{FAE04EC0-301F-11D3-BF4B-00C04F79EFBC}") = "ParticleBuddy.WindowsDX", "ParticleBuddy.WindowsDX\ParticleBuddy.WindowsDX.csproj", "{692591D6-D88D-451B-A665-65DEDC422073}"
EndProject
Global
	GlobalSection(SharedMSBuildProjectFiles) = preSolution
		ParticleBuddy.SharedProject\ParticleBuddy.SharedProject.projitems*{0e52d7fe-c092-48db-813d-218194c08059}*SharedItemsImports = 4
		ParticleBuddy.SharedProject\ParticleBuddy.SharedProject.projitems*{1ae42cf0-a9b4-43cd-8bce-79187d09fbb8}*SharedItemsImports = 13
		ParticleBuddy.SharedProject\ParticleBuddy.SharedProject.projitems*{436db384-ce7b-4496-9f25-92fe88431971}*SharedItemsImports = 4
		ParticleBuddy.SharedProject\ParticleBuddy.SharedProject.projitems*{4bd96903-5a87-4ee7-b3f0-8f0c763ab539}*SharedItemsImports = 4
		ParticleBuddy.SharedProject\ParticleBuddy.SharedProject.projitems*{692591d6-d88d-451b-a665-65dedc422073}*SharedItemsImports = 4
		ParticleBuddy.SharedProject\ParticleBuddy.SharedProject.projitems*{b3d72720-07b5-4500-9a5a-8577db484677}*SharedItemsImports = 4
	EndGlobalSection
	GlobalSection(SolutionConfigurationPlatforms) = preSolution
		AppStore|Any CPU = AppStore|Any CPU
		AppStore|ARM = AppStore|ARM
		AppStore|x64 = AppStore|x64
		AppStore|x86 = AppStore|x86
		Debug|Any CPU = Debug|Any CPU
		Debug|ARM = Debug|ARM
		Debug|x64 = Debug|x64
		Debug|x86 = Debug|x86
		Release|Any CPU = Release|Any CPU
		Release|ARM = Release|ARM
		Release|x64 = Release|x64
		Release|x86 = Release|x86
	EndGlobalSection
	GlobalSection(ProjectConfigurationPlatforms) = postSolution
		{4BD96903-5A87-4EE7-B3F0-8F0C763AB539}.AppStore|Any CPU.ActiveCfg = Release|Any CPU
		{4BD96903-5A87-4EE7-B3F0-8F0C763AB539}.AppStore|Any CPU.Build.0 = Release|Any CPU
		{4BD96903-5A87-4EE7-B3F0-8F0C763AB539}.AppStore|ARM.ActiveCfg = Release|Any CPU
		{4BD96903-5A87-4EE7-B3F0-8F0C763AB539}.AppStore|ARM.Build.0 = Release|Any CPU
		{4BD96903-5A87-4EE7-B3F0-8F0C763AB539}.AppStore|x64.ActiveCfg = Release|Any CPU
		{4BD96903-5A87-4EE7-B3F0-8F0C763AB539}.AppStore|x64.Build.0 = Release|Any CPU
		{4BD96903-5A87-4EE7-B3F0-8F0C763AB539}.AppStore|x86.ActiveCfg = Release|Any CPU
		{4BD96903-5A87-4EE7-B3F0-8F0C763AB539}.AppStore|x86.Build.0 = Release|Any CPU
		{4BD96903-5A87-4EE7-B3F0-8F0C763AB539}.Debug|Any CPU.ActiveCfg = Debug|Any CPU
		{4BD96903-5A87-4EE7-B3F0-8F0C763AB539}.Debug|Any CPU.Build.0 = Debug|Any CPU
		{4BD96903-5A87-4EE7-B3F0-8F0C763AB539}.Debug|ARM.ActiveCfg = Debug|Any CPU
		{4BD96903-5A87-4EE7-B3F0-8F0C763AB539}.Debug|ARM.Build.0 = Debug|Any CPU
		{4BD96903-5A87-4EE7-B3F0-8F0C763AB539}.Debug|x64.ActiveCfg = Debug|Any CPU
		{4BD96903-5A87-4EE7-B3F0-8F0C763AB539}.Debug|x64.Build.0 = Debug|Any CPU
		{4BD96903-5A87-4EE7-B3F0-8F0C763AB539}.Debug|x86.ActiveCfg = Debug|Any CPU
		{4BD96903-5A87-4EE7-B3F0-8F0C763AB539}.Debug|x86.Build.0 = Debug|Any CPU
		{4BD96903-5A87-4EE7-B3F0-8F0C763AB539}.Release|Any CPU.ActiveCfg = Release|Any CPU
		{4BD96903-5A87-4EE7-B3F0-8F0C763AB539}.Release|Any CPU.Build.0 = Release|Any CPU
		{4BD96903-5A87-4EE7-B3F0-8F0C763AB539}.Release|ARM.ActiveCfg = Release|Any CPU
		{4BD96903-5A87-4EE7-B3F0-8F0C763AB539}.Release|ARM.Build.0 = Release|Any CPU
		{4BD96903-5A87-4EE7-B3F0-8F0C763AB539}.Release|x64.ActiveCfg = Release|Any CPU
		{4BD96903-5A87-4EE7-B3F0-8F0C763AB539}.Release|x64.Build.0 = Release|Any CPU
		{4BD96903-5A87-4EE7-B3F0-8F0C763AB539}.Release|x86.ActiveCfg = Release|Any CPU
		{4BD96903-5A87-4EE7-B3F0-8F0C763AB539}.Release|x86.Build.0 = Release|Any CPU
		{B3D72720-07B5-4500-9A5A-8577DB484677}.AppStore|Any CPU.ActiveCfg = Release|Any CPU
		{B3D72720-07B5-4500-9A5A-8577DB484677}.AppStore|Any CPU.Build.0 = Release|Any CPU
		{B3D72720-07B5-4500-9A5A-8577DB484677}.AppStore|ARM.ActiveCfg = Release|ARM
		{B3D72720-07B5-4500-9A5A-8577DB484677}.AppStore|ARM.Build.0 = Release|ARM
		{B3D72720-07B5-4500-9A5A-8577DB484677}.AppStore|x64.ActiveCfg = Release|x64
		{B3D72720-07B5-4500-9A5A-8577DB484677}.AppStore|x64.Build.0 = Release|x64
		{B3D72720-07B5-4500-9A5A-8577DB484677}.AppStore|x86.ActiveCfg = Release|x86
		{B3D72720-07B5-4500-9A5A-8577DB484677}.AppStore|x86.Build.0 = Release|x86
		{B3D72720-07B5-4500-9A5A-8577DB484677}.Debug|Any CPU.ActiveCfg = Debug|Any CPU
		{B3D72720-07B5-4500-9A5A-8577DB484677}.Debug|Any CPU.Build.0 = Debug|Any CPU
		{B3D72720-07B5-4500-9A5A-8577DB484677}.Debug|ARM.ActiveCfg = Debug|ARM
		{B3D72720-07B5-4500-9A5A-8577DB484677}.Debug|ARM.Build.0 = Debug|ARM
		{B3D72720-07B5-4500-9A5A-8577DB484677}.Debug|x64.ActiveCfg = Debug|x64
		{B3D72720-07B5-4500-9A5A-8577DB484677}.Debug|x64.Build.0 = Debug|x64
		{B3D72720-07B5-4500-9A5A-8577DB484677}.Debug|x86.ActiveCfg = Debug|x86
		{B3D72720-07B5-4500-9A5A-8577DB484677}.Debug|x86.Build.0 = Debug|x86
		{B3D72720-07B5-4500-9A5A-8577DB484677}.Release|Any CPU.ActiveCfg = Release|Any CPU
		{B3D72720-07B5-4500-9A5A-8577DB484677}.Release|Any CPU.Build.0 = Release|Any CPU
		{B3D72720-07B5-4500-9A5A-8577DB484677}.Release|ARM.ActiveCfg = Release|ARM
		{B3D72720-07B5-4500-9A5A-8577DB484677}.Release|ARM.Build.0 = Release|ARM
		{B3D72720-07B5-4500-9A5A-8577DB484677}.Release|x64.ActiveCfg = Release|x64
		{B3D72720-07B5-4500-9A5A-8577DB484677}.Release|x64.Build.0 = Release|x64
		{B3D72720-07B5-4500-9A5A-8577DB484677}.Release|x86.ActiveCfg = Release|x86
		{B3D72720-07B5-4500-9A5A-8577DB484677}.Release|x86.Build.0 = Release|x86
		{436DB384-CE7B-4496-9F25-92FE88431971}.AppStore|Any CPU.ActiveCfg = Release|Any CPU
		{436DB384-CE7B-4496-9F25-92FE88431971}.AppStore|Any CPU.Build.0 = Release|Any CPU
		{436DB384-CE7B-4496-9F25-92FE88431971}.AppStore|ARM.ActiveCfg = Release|Any CPU
		{436DB384-CE7B-4496-9F25-92FE88431971}.AppStore|ARM.Build.0 = Release|Any CPU
		{436DB384-CE7B-4496-9F25-92FE88431971}.AppStore|x64.ActiveCfg = Release|Any CPU
		{436DB384-CE7B-4496-9F25-92FE88431971}.AppStore|x64.Build.0 = Release|Any CPU
		{436DB384-CE7B-4496-9F25-92FE88431971}.AppStore|x86.ActiveCfg = Release|Any CPU
		{436DB384-CE7B-4496-9F25-92FE88431971}.AppStore|x86.Build.0 = Release|Any CPU
		{436DB384-CE7B-4496-9F25-92FE88431971}.Debug|Any CPU.ActiveCfg = Debug|Any CPU
		{436DB384-CE7B-4496-9F25-92FE88431971}.Debug|Any CPU.Build.0 = Debug|Any CPU
		{436DB384-CE7B-4496-9F25-92FE88431971}.Debug|ARM.ActiveCfg = Debug|Any CPU
		{436DB384-CE7B-4496-9F25-92FE88431971}.Debug|ARM.Build.0 = Debug|Any CPU
		{436DB384-CE7B-4496-9F25-92FE88431971}.Debug|x64.ActiveCfg = Debug|Any CPU
		{436DB384-CE7B-4496-9F25-92FE88431971}.Debug|x64.Build.0 = Debug|Any CPU
		{436DB384-CE7B-4496-9F25-92FE88431971}.Debug|x86.ActiveCfg = Debug|Any CPU
		{436DB384-CE7B-4496-9F25-92FE88431971}.Debug|x86.Build.0 = Debug|Any CPU
		{436DB384-CE7B-4496-9F25-92FE88431971}.Release|Any CPU.ActiveCfg = Release|Any CPU
		{436DB384-CE7B-4496-9F25-92FE88431971}.Release|Any CPU.Build.0 = Release|Any CPU
		{436DB384-CE7B-4496-9F25-92FE88431971}.Release|ARM.ActiveCfg = Release|Any CPU
		{436DB384-CE7B-4496-9F25-92FE88431971}.Release|ARM.Build.0 = Release|Any CPU
		{436DB384-CE7B-4496-9F25-92FE88431971}.Release|x64.ActiveCfg = Release|Any CPU
		{436DB384-CE7B-4496-9F25-92FE88431971}.Release|x64.Build.0 = Release|Any CPU
		{436DB384-CE7B-4496-9F25-92FE88431971}.Release|x86.ActiveCfg = Release|Any CPU
		{436DB384-CE7B-4496-9F25-92FE88431971}.Release|x86.Build.0 = Release|Any CPU
		{0E52D7FE-C092-48DB-813D-218194C08059}.AppStore|Any CPU.ActiveCfg = Release|Any CPU
		{0E52D7FE-C092-48DB-813D-218194C08059}.AppStore|Any CPU.Build.0 = Release|Any CPU
		{0E52D7FE-C092-48DB-813D-218194C08059}.AppStore|ARM.ActiveCfg = Release|Any CPU
		{0E52D7FE-C092-48DB-813D-218194C08059}.AppStore|ARM.Build.0 = Release|Any CPU
		{0E52D7FE-C092-48DB-813D-218194C08059}.AppStore|x64.ActiveCfg = Release|Any CPU
		{0E52D7FE-C092-48DB-813D-218194C08059}.AppStore|x64.Build.0 = Release|Any CPU
		{0E52D7FE-C092-48DB-813D-218194C08059}.AppStore|x86.ActiveCfg = Release|Any CPU
		{0E52D7FE-C092-48DB-813D-218194C08059}.AppStore|x86.Build.0 = Release|Any CPU
		{0E52D7FE-C092-48DB-813D-218194C08059}.Debug|Any CPU.ActiveCfg = Debug|Any CPU
		{0E52D7FE-C092-48DB-813D-218194C08059}.Debug|Any CPU.Build.0 = Debug|Any CPU
		{0E52D7FE-C092-48DB-813D-218194C08059}.Debug|ARM.ActiveCfg = Debug|Any CPU
		{0E52D7FE-C092-48DB-813D-218194C08059}.Debug|ARM.Build.0 = Debug|Any CPU
		{0E52D7FE-C092-48DB-813D-218194C08059}.Debug|x64.ActiveCfg = Debug|Any CPU
		{0E52D7FE-C092-48DB-813D-218194C08059}.Debug|x64.Build.0 = Debug|Any CPU
		{0E52D7FE-C092-48DB-813D-218194C08059}.Debug|x86.ActiveCfg = Debug|Any CPU
		{0E52D7FE-C092-48DB-813D-218194C08059}.Debug|x86.Build.0 = Debug|Any CPU
		{0E52D7FE-C092-48DB-813D-218194C08059}.Release|Any CPU.ActiveCfg = Release|Any CPU
		{0E52D7FE-C092-48DB-813D-218194C08059}.Release|Any CPU.Build.0 = Release|Any CPU
		{0E52D7FE-C092-48DB-813D-218194C08059}.Release|ARM.ActiveCfg = Release|Any CPU
		{0E52D7FE-C092-48DB-813D-218194C08059}.Release|ARM.Build.0 = Release|Any CPU
		{0E52D7FE-C092-48DB-813D-218194C08059}.Release|x64.ActiveCfg = Release|Any CPU
		{0E52D7FE-C092-48DB-813D-218194C08059}.Release|x64.Build.0 = Release|Any CPU
		{0E52D7FE-C092-48DB-813D-218194C08059}.Release|x86.ActiveCfg = Release|Any CPU
		{0E52D7FE-C092-48DB-813D-218194C08059}.Release|x86.Build.0 = Release|Any CPU
		{692591D6-D88D-451B-A665-65DEDC422073}.AppStore|Any CPU.ActiveCfg = Release|Any CPU
		{692591D6-D88D-451B-A665-65DEDC422073}.AppStore|Any CPU.Build.0 = Release|Any CPU
		{692591D6-D88D-451B-A665-65DEDC422073}.AppStore|ARM.ActiveCfg = Release|Any CPU
		{692591D6-D88D-451B-A665-65DEDC422073}.AppStore|ARM.Build.0 = Release|Any CPU
		{692591D6-D88D-451B-A665-65DEDC422073}.AppStore|x64.ActiveCfg = Release|Any CPU
		{692591D6-D88D-451B-A665-65DEDC422073}.AppStore|x64.Build.0 = Release|Any CPU
		{692591D6-D88D-451B-A665-65DEDC422073}.AppStore|x86.ActiveCfg = Release|Any CPU
		{692591D6-D88D-451B-A665-65DEDC422073}.AppStore|x86.Build.0 = Release|Any CPU
		{692591D6-D88D-451B-A665-65DEDC422073}.Debug|Any CPU.ActiveCfg = Debug|Any CPU
		{692591D6-D88D-451B-A665-65DEDC422073}.Debug|Any CPU.Build.0 = Debug|Any CPU
		{692591D6-D88D-451B-A665-65DEDC422073}.Debug|ARM.ActiveCfg = Debug|Any CPU
		{692591D6-D88D-451B-A665-65DEDC422073}.Debug|ARM.Build.0 = Debug|Any CPU
		{692591D6-D88D-451B-A665-65DEDC422073}.Debug|x64.ActiveCfg = Debug|Any CPU
		{692591D6-D88D-451B-A665-65DEDC422073}.Debug|x64.Build.0 = Debug|Any CPU
		{692591D6-D88D-451B-A665-65DEDC422073}.Debug|x86.ActiveCfg = Debug|Any CPU
		{692591D6-D88D-451B-A665-65DEDC422073}.Debug|x86.Build.0 = Debug|Any CPU
		{692591D6-D88D-451B-A665-65DEDC422073}.Release|Any CPU.ActiveCfg = Release|Any CPU
		{692591D6-D88D-451B-A665-65DEDC422073}.Release|Any CPU.Build.0 = Release|Any CPU
		{692591D6-D88D-451B-A665-65DEDC422073}.Release|ARM.ActiveCfg = Release|Any CPU
		{692591D6-D88D-451B-A665-65DEDC422073}.Release|ARM.Build.0 = Release|Any CPU
		{692591D6-D88D-451B-A665-65DEDC422073}.Release|x64.ActiveCfg = Release|Any CPU
		{692591D6-D88D-451B-A665-65DEDC422073}.Release|x64.Build.0 = Release|Any CPU
		{692591D6-D88D-451B-A665-65DEDC422073}.Release|x86.ActiveCfg = Release|Any CPU
		{692591D6-D88D-451B-A665-65DEDC422073}.Release|x86.Build.0 = Release|Any CPU
	EndGlobalSection
	GlobalSection(SolutionProperties) = preSolution
		HideSolutionNode = FALSE
	EndGlobalSection
	GlobalSection(ExtensibilityGlobals) = postSolution
		SolutionGuid = {4D5895A9-2474-4ADA-B95E-1D9FD68643D8}
	EndGlobalSection
	GlobalSection(MonoDevelopProperties) = preSolution
		StartupItem = ParticleBuddy.Windows.csproj
	EndGlobalSection
EndGlobal
